{
  "lockfileVersion": 1,
  "configVersion": 1,
  "workspaces": {
    "": {
      "name": "kiro-provider",
      "dependencies": {
        "@aws/codewhisperer-streaming-client": "^1.0.34",
        "@smithy/node-http-handler": "4.9.7",
        "https-proxy-agent": "^9.1.0",
        "zod": "^3.24.0",
      },
      "devDependencies": {
        "@biomejs/biome": "2.2.4",
        "@types/bun": "^1.3.6",
        "@types/node": "^20.0.0",
        "typescript": "^5.7.3",
      },
    },
  },
  "packages": {
    "@aws-crypto/sha256-browser": ["@aws-crypto/sha256-browser@5.2.0", "https://registry.npmmirror.com/@aws-crypto/sha256-browser/-/sha256-browser-5.2.0.tgz", { "dependencies": { "@aws-crypto/sha256-js": "^5.2.0", "@aws-crypto/supports-web-crypto": "^5.2.0", "@aws-crypto/util": "^5.2.0", "@aws-sdk/types": "^3.222.0", "@aws-sdk/util-locate-window": "^3.0.0", "@smithy/util-utf8": "^2.0.0", "tslib": "^2.6.2" } }, "sha512-AXfN/lGotSQwu6HNcEsIASo7kWXZ5HYWvfOmSNKDsEqC4OashTp8alTmaz+F7TC2L083SFv5RdB+qU3Vs1kZqw=="],

    "@aws-crypto/sha256-js": ["@aws-crypto/sha256-js@5.2.0", "https://registry.npmmirror.com/@aws-crypto/sha256-js/-/sha256-js-5.2.0.tgz", { "dependencies": { "@aws-crypto/util": "^5.2.0", "@aws-sdk/types": "^3.222.0", "tslib": "^2.6.2" } }, "sha512-FFQQyu7edu4ufvIZ+OadFpHHOt+eSTBaYaki44c+akjg7qZg9oOQeLlk77F6tSYqjDAFClrHJk9tMf0HdVyOvA=="],

    "@aws-crypto/supports-web-crypto": ["@aws-crypto/supports-web-crypto@5.2.0", "https://registry.npmmirror.com/@aws-crypto/supports-web-crypto/-/supports-web-crypto-5.2.0.tgz", { "dependencies": { "tslib": "^2.6.2" } }, "sha512-iAvUotm021kM33eCdNfwIN//F77/IADDSs58i+MDaOqFrVjZo9bAal0NK7HurRuWLLpF1iLX7gbWrjHjeo+YFg=="],

    "@aws-crypto/util": ["@aws-crypto/util@5.2.0", "https://registry.npmmirror.com/@aws-crypto/util/-/util-5.2.0.tgz", { "dependencies": { "@aws-sdk/types": "^3.222.0", "@smithy/util-utf8": "^2.0.0", "tslib": "^2.6.2" } }, "sha512-4RkU9EsI6ZpBve5fseQlGNUWKMa1RLPQ1dnjnQoe07ldfIzcsGb5hC5W0Dm7u423KWzawlrpbjXBrXCEv9zazQ=="],

    "@aws-sdk/core": ["@aws-sdk/core@3.975.3", "", { "dependencies": { "@aws-sdk/types": "^3.974.2", "@aws-sdk/xml-builder": "^3.972.36", "@aws/lambda-invoke-store": "^0.3.0", "@smithy/core": "^3.29.4", "@smithy/signature-v4": "^5.6.5", "@smithy/types": "^4.16.1", "bowser": "^2.11.0", "tslib": "^2.6.2" } }, "sha512-7ur3kCKuvPLqlsZ2XlvnNBVQ7KkpSu6Y6dOTwSPHLrFpTEfZM8isLBJc4cgv96WB7GifeVM436mpycwxBd2vEA=="],

    "@aws-sdk/middleware-host-header": ["@aws-sdk/middleware-host-header@3.972.34", "", { "dependencies": { "@aws-sdk/core": "^3.975.3", "tslib": "^2.6.2" } }, "sha512-NmaFH7Wvrh4SICPO7hRW7M8i+9OvjHxC155HHi/C3JwMUM9CSSXdOjtYhw1Q4cZAoKFnrcu9gIfWPE9seZY5Nw=="],

    "@aws-sdk/middleware-logger": ["@aws-sdk/middleware-logger@3.972.33", "", { "dependencies": { "@aws-sdk/core": "^3.975.3", "tslib": "^2.6.2" } }, "sha512-wnyJLhO66WsWMCo4TPDFQj1Pa3w4IbA0KDsjQIf1ComTyVPs/HxOmqlXMim5ZPXJQsrWvqRgfCe+vYaa/k39SA=="],

    "@aws-sdk/middleware-recursion-detection": ["@aws-sdk/middleware-recursion-detection@3.972.35", "", { "dependencies": { "@aws-sdk/core": "^3.975.3", "tslib": "^2.6.2" } }, "sha512-FEdTIfdyyVfMOYfcSEawLZt8ejRBlPoJ51YZOLBdVTBteH5SwLaiDmvAyVwSAhqiI1ooMesdGK0KOwlV+4FDgQ=="],

    "@aws-sdk/middleware-user-agent": ["@aws-sdk/middleware-user-agent@3.972.63", "", { "dependencies": { "@aws-sdk/core": "^3.975.3", "tslib": "^2.6.2" } }, "sha512-ciBdN5V+RjFX2oLXmxqdVbKfADSYIZb4UTFv0eZ2mD9DwARaeSKW9UI9qfX9hJrRjbmYIYtdbMPqFla20x8ZOA=="],

    "@aws-sdk/nested-clients": ["@aws-sdk/nested-clients@3.997.33", "", { "dependencies": { "@aws-sdk/core": "^3.975.3", "@aws-sdk/signature-v4-multi-region": "^3.996.41", "@aws-sdk/types": "^3.974.2", "@smithy/core": "^3.29.4", "@smithy/fetch-http-handler": "^5.6.6", "@smithy/node-http-handler": "^4.9.6", "@smithy/types": "^4.16.1", "tslib": "^2.6.2" } }, "sha512-dVZOroI/r3/ENvqNGgjMPul+jjlz9GddfVusgTXlVjfZj5isibOxecLkGQbRPp8XOuX+RAfjXLFgPkD1JS5xrw=="],

    "@aws-sdk/region-config-resolver": ["@aws-sdk/region-config-resolver@3.972.37", "", { "dependencies": { "@aws-sdk/core": "^3.975.3", "tslib": "^2.6.2" } }, "sha512-O0mWXYkM1ASgX72KKW3zNG+pEvpmUG5yl6uykgA/p2xkVFi/SjUxwAZBv2ToqKba/TBwDU8tv2wL5Rq5ZTcdMg=="],

    "@aws-sdk/signature-v4-multi-region": ["@aws-sdk/signature-v4-multi-region@3.996.41", "", { "dependencies": { "@aws-sdk/types": "^3.974.2", "@smithy/signature-v4": "^5.6.5", "@smithy/types": "^4.16.1", "tslib": "^2.6.2" } }, "sha512-QMUytg+FQMGouc8gHS00KoYih3+N6cqmVI/pQGOIo7Nr7OpQaiXjSYOuL+vsPZ1tymY4LAQ8MYcHJmws5LRxng=="],

    "@aws-sdk/token-providers": ["@aws-sdk/token-providers@3.1090.0", "", { "dependencies": { "@aws-sdk/core": "^3.975.3", "@aws-sdk/nested-clients": "^3.997.33", "@aws-sdk/types": "^3.974.2", "@smithy/core": "^3.29.4", "@smithy/types": "^4.16.1", "tslib": "^2.6.2" } }, "sha512-uwPWr8zRBL1YLiWpIWoEOVj0bgGJ0M4Gfi151lEJroQq/7Lc/phrJVIEnCTEHHa1BIse525BfunmOZLMBfD9OQ=="],

    "@aws-sdk/types": ["@aws-sdk/types@3.974.2", "", { "dependencies": { "@smithy/types": "^4.16.1", "tslib": "^2.6.2" } }, "sha512-3W6IUtSxFbH6X7Wb7DzGCV5QiFQsd0g8bOfntpmDxQlzBoKWUMBu/JPQR0DwkE+Hpnxd6db1tXbOwdeHddG6cA=="],

    "@aws-sdk/util-endpoints": ["@aws-sdk/util-endpoints@3.996.32", "", { "dependencies": { "@aws-sdk/core": "^3.975.3", "@smithy/core": "^3.29.4", "tslib": "^2.6.2" } }, "sha512-c6EXWXv2pA49xjkTklHr3VvDSE+hLNjyOj787tvP6nsKuKLyXSwtA0b9PeCt/wdAGcHm5yT4DDRemdmUlbjidw=="],

    "@aws-sdk/util-locate-window": ["@aws-sdk/util-locate-window@3.965.8", "", { "dependencies": { "tslib": "^2.6.2" } }, "sha512-uUbMs1cBZPafD0ohUj6EwNf0fPZ534NvBxHox4hjX+0Rxq5paSYUem7+hi833pYrzrcnBATKIYpR02MDXT5M9g=="],

    "@aws-sdk/util-user-agent-browser": ["@aws-sdk/util-user-agent-browser@3.972.34", "", { "dependencies": { "@aws-sdk/core": "^3.975.3", "tslib": "^2.6.2" } }, "sha512-QkoA/jvhG6GDeghtIOcsuSQKqMwt75waXVjlf0WIkUhaNE1f/GrZ+/p/01yWI9cJdmO4T4YjyB/ZRdcvU1ToZw=="],

    "@aws-sdk/util-user-agent-node": ["@aws-sdk/util-user-agent-node@3.973.49", "", { "dependencies": { "@aws-sdk/core": "^3.975.3", "tslib": "^2.6.2" } }, "sha512-gZyJ3fmVq9RONzxk9BYeq1ZRc7d+ZLsytswREgaNTclvBQ7GTm4jlXMEhOTE5g1Ce9rhfWSHmm9xOwldHqtoDQ=="],

    "@aws-sdk/xml-builder": ["@aws-sdk/xml-builder@3.972.36", "", { "dependencies": { "@smithy/types": "^4.16.1", "tslib": "^2.6.2" } }, "sha512-RdGmS1GLrtaTOLE1ElSluMldNrpk9Emq6uYs8SS8iHlu5xTAmM9rRkM91o48+rIRryBtyO9t+uLYCoMG6jVMVA=="],

    "@aws/codewhisperer-streaming-client": ["@aws/codewhisperer-streaming-client@1.0.45", "https://registry.npmmirror.com/@aws/codewhisperer-streaming-client/-/codewhisperer-streaming-client-1.0.45.tgz", { "dependencies": { "@aws-crypto/sha256-browser": "5.2.0", "@aws-crypto/sha256-js": "5.2.0", "@aws-sdk/core": "^3.974.7", "@aws-sdk/middleware-host-header": "^3.972.10", "@aws-sdk/middleware-logger": "^3.972.10", "@aws-sdk/middleware-recursion-detection": "^3.972.11", "@aws-sdk/middleware-user-agent": "^3.972.37", "@aws-sdk/region-config-resolver": "^3.972.13", "@aws-sdk/token-providers": "^3.1040.0", "@aws-sdk/types": "^3.973.8", "@aws-sdk/util-endpoints": "^3.996.8", "@aws-sdk/util-user-agent-browser": "^3.972.10", "@aws-sdk/util-user-agent-node": "^3.973.23", "@smithy/config-resolver": "^4.4.17", "@smithy/core": "^3.23.17", "@smithy/eventstream-serde-browser": "^4.2.14", "@smithy/eventstream-serde-config-resolver": "^4.3.14", "@smithy/eventstream-serde-node": "^4.2.14", "@smithy/fetch-http-handler": "^5.3.17", "@smithy/hash-node": "^4.2.14", "@smithy/invalid-dependency": "^4.2.14", "@smithy/middleware-content-length": "^4.2.14", "@smithy/middleware-endpoint": "^4.4.32", "@smithy/middleware-retry": "^4.5.7", "@smithy/middleware-serde": "^4.2.20", "@smithy/middleware-stack": "^4.2.14", "@smithy/node-config-provider": "^4.3.14", "@smithy/node-http-handler": "^4.6.1", "@smithy/protocol-http": "^5.3.14", "@smithy/smithy-client": "^4.12.13", "@smithy/types": "^4.14.1", "@smithy/url-parser": "^4.2.14", "@smithy/util-base64": "^4.3.2", "@smithy/util-body-length-browser": "^4.2.2", "@smithy/util-body-length-node": "^4.2.3", "@smithy/util-defaults-mode-browser": "^4.3.49", "@smithy/util-defaults-mode-node": "^4.2.54", "@smithy/util-endpoints": "^3.4.2", "@smithy/util-middleware": "^4.2.14", "@smithy/util-retry": "^4.3.6", "@smithy/util-utf8": "^4.2.2", "tslib": "^2.6.2" } }, "sha512-XvqUjgrA+hS8bK/dU9tUhooxlYWLbIYNYg461gMcD2QQHAd+fXwqrImgcJ/pvU6LedguvTal1Vdd9Pf4I0O0Jg=="],

    "@aws/lambda-invoke-store": ["@aws/lambda-invoke-store@0.3.0", "https://registry.npmmirror.com/@aws/lambda-invoke-store/-/lambda-invoke-store-0.3.0.tgz", {}, "sha512-sl4Bm6yiMNYrZKkqqDFWN0UfnWhlS8ivKxrYl+6t0gCLrqr8y3B2IqZZbFRkfaVVp7C/baApyh71P+LeE1A2sQ=="],

    "@biomejs/biome": ["@biomejs/biome@2.2.4", "https://registry.npmmirror.com/@biomejs/biome/-/biome-2.2.4.tgz", { "optionalDependencies": { "@biomejs/cli-darwin-arm64": "2.2.4", "@biomejs/cli-darwin-x64": "2.2.4", "@biomejs/cli-linux-arm64": "2.2.4", "@biomejs/cli-linux-arm64-musl": "2.2.4", "@biomejs/cli-linux-x64": "2.2.4", "@biomejs/cli-linux-x64-musl": "2.2.4", "@biomejs/cli-win32-arm64": "2.2.4", "@biomejs/cli-win32-x64": "2.2.4" }, "bin": { "biome": "bin/biome" } }, "sha512-TBHU5bUy/Ok6m8c0y3pZiuO/BZoY/OcGxoLlrfQof5s8ISVwbVBdFINPQZyFfKwil8XibYWb7JMwnT8wT4WVPg=="],

    "@biomejs/cli-darwin-arm64": ["@biomejs/cli-darwin-arm64@2.2.4", "https://registry.npmmirror.com/@biomejs/cli-darwin-arm64/-/cli-darwin-arm64-2.2.4.tgz", { "os": "darwin", "cpu": "arm64" }, "sha512-RJe2uiyaloN4hne4d2+qVj3d3gFJFbmrr5PYtkkjei1O9c+BjGXgpUPVbi8Pl8syumhzJjFsSIYkcLt2VlVLMA=="],

    "@biomejs/cli-darwin-x64": ["@biomejs/cli-darwin-x64@2.2.4", "https://registry.npmmirror.com/@biomejs/cli-darwin-x64/-/cli-darwin-x64-2.2.4.tgz", { "os": "darwin", "cpu": "x64" }, "sha512-cFsdB4ePanVWfTnPVaUX+yr8qV8ifxjBKMkZwN7gKb20qXPxd/PmwqUH8mY5wnM9+U0QwM76CxFyBRJhC9tQwg=="],

    "@biomejs/cli-linux-arm64": ["@biomejs/cli-linux-arm64@2.2.4", "https://registry.npmmirror.com/@biomejs/cli-linux-arm64/-/cli-linux-arm64-2.2.4.tgz", { "os": "linux", "cpu": "arm64" }, "sha512-M/Iz48p4NAzMXOuH+tsn5BvG/Jb07KOMTdSVwJpicmhN309BeEyRyQX+n1XDF0JVSlu28+hiTQ2L4rZPvu7nMw=="],

    "@biomejs/cli-linux-arm64-musl": ["@biomejs/cli-linux-arm64-musl@2.2.4", "https://registry.npmmirror.com/@biomejs/cli-linux-arm64-musl/-/cli-linux-arm64-musl-2.2.4.tgz", { "os": "linux", "cpu": "arm64" }, "sha512-7TNPkMQEWfjvJDaZRSkDCPT/2r5ESFPKx+TEev+I2BXDGIjfCZk2+b88FOhnJNHtksbOZv8ZWnxrA5gyTYhSsQ=="],

    "@biomejs/cli-linux-x64": ["@biomejs/cli-linux-x64@2.2.4", "https://registry.npmmirror.com/@biomejs/cli-linux-x64/-/cli-linux-x64-2.2.4.tgz", { "os": "linux", "cpu": "x64" }, "sha512-orr3nnf2Dpb2ssl6aihQtvcKtLySLta4E2UcXdp7+RTa7mfJjBgIsbS0B9GC8gVu0hjOu021aU8b3/I1tn+pVQ=="],

    "@biomejs/cli-linux-x64-musl": ["@biomejs/cli-linux-x64-musl@2.2.4", "https://registry.npmmirror.com/@biomejs/cli-linux-x64-musl/-/cli-linux-x64-musl-2.2.4.tgz", { "os": "linux", "cpu": "x64" }, "sha512-m41nFDS0ksXK2gwXL6W6yZTYPMH0LughqbsxInSKetoH6morVj43szqKx79Iudkp8WRT5SxSh7qVb8KCUiewGg=="],

    "@biomejs/cli-win32-arm64": ["@biomejs/cli-win32-arm64@2.2.4", "https://registry.npmmirror.com/@biomejs/cli-win32-arm64/-/cli-win32-arm64-2.2.4.tgz", { "os": "win32", "cpu": "arm64" }, "sha512-NXnfTeKHDFUWfxAefa57DiGmu9VyKi0cDqFpdI+1hJWQjGJhJutHPX0b5m+eXvTKOaf+brU+P0JrQAZMb5yYaQ=="],

    "@biomejs/cli-win32-x64": ["@biomejs/cli-win32-x64@2.2.4", "https://registry.npmmirror.com/@biomejs/cli-win32-x64/-/cli-win32-x64-2.2.4.tgz", { "os": "win32", "cpu": "x64" }, "sha512-3Y4V4zVRarVh/B/eSHczR4LYoSVyv3Dfuvm3cWs5w/HScccS0+Wt/lHOcDTRYeHjQmMYVC3rIRWqyN2EI52+zg=="],

    "@smithy/config-resolver": ["@smithy/config-resolver@4.6.10", "", { "dependencies": { "@smithy/core": "^3.29.5", "tslib": "^2.6.2" } }, "sha512-OSWakjTQRuMCps5YE8fOxGdDv7gEtanlyn5KtfCBgDE+dvaUPJH7xDQRADRnnBoMh792cGFUsvFLmxobxOpbkg=="],

    "@smithy/core": ["@smithy/core@3.29.5", "", { "dependencies": { "@smithy/types": "^4.16.1", "tslib": "^2.6.2" } }, "sha512-i0dk2t5B+CwV/dcJdUHILYkOQF5lof8f44dFCfDWToGCxjT9YQ+CgHqTAvJxzc3+zqQwm2QtVoJ5IqiNar/CnQ=="],

    "@smithy/eventstream-serde-browser": ["@smithy/eventstream-serde-browser@4.4.10", "", { "dependencies": { "@smithy/core": "^3.29.5", "tslib": "^2.6.2" } }, "sha512-zey14RlIRiCM3OqDI2f+dMJnUgKnRTQfnnbnPjJToUh7Jc4AI7LGSWa1uLMJx1o6FeODC5iYz6HhpPeNv9LfPw=="],

    "@smithy/eventstream-serde-config-resolver": ["@smithy/eventstream-serde-config-resolver@4.5.10", "", { "dependencies": { "@smithy/core": "^3.29.5", "tslib": "^2.6.2" } }, "sha512-tO9Odivl70u8YwSxg0mnZ3DRqN8aVwISWb6GQBx+fX6rFPhS6fub6dPg+2N8osdoOp6TQa2hRUwMUJVDw/CPJg=="],

    "@smithy/eventstream-serde-node": ["@smithy/eventstream-serde-node@4.4.10", "", { "dependencies": { "@smithy/core": "^3.29.5", "tslib": "^2.6.2" } }, "sha512-Z7W4LpEWHcOOwGwXpPujDVcpOeDwEtfyBFfj/2eqXjMsBu+dk1cmiJx8kM13IQ4v2WbTlhmkydVc7ViHoT6i3A=="],

    "@smithy/fetch-http-handler": ["@smithy/fetch-http-handler@5.6.7", "", { "dependencies": { "@smithy/core": "^3.29.5", "@smithy/types": "^4.16.1", "tslib": "^2.6.2" } }, "sha512-3zpg8yqqyXzoK2TsRDdkqVOj2RDBFfLXwCczOZ5c7TWB4eiaebfSCsbMjDPYB3PJ9ihV62QaeadZ+wLadZtNGA=="],

    "@smithy/hash-node": ["@smithy/hash-node@4.4.10", "", { "dependencies": { "@smithy/core": "^3.29.5", "tslib": "^2.6.2" } }, "sha512-y0CfGFpEVyGg6EfrBj0BWkgfaRiXk+dG4t3xYNPMbnkOBBy8Yv8THUDsmkHXe2PyzYIzC6uPlT97kZoX6KF9vg=="],

    "@smithy/invalid-dependency": ["@smithy/invalid-dependency@4.4.10", "", { "dependencies": { "@smithy/core": "^3.29.5", "tslib": "^2.6.2" } }, "sha512-gF+13AFjZoEjRcUNdkA2Q8tjL2/m3f7ipcZ2w35Hj6Sm9A+gj+yEsuGV70X3UPHar5tTl+385F4Zi9DBaIW3Ag=="],

    "@smithy/is-array-buffer": ["@smithy/is-array-buffer@2.2.0", "", { "dependencies": { "tslib": "^2.6.2" } }, "sha512-GGP3O9QFD24uGeAXYUjwSTXARoqpZykHadOmA8G5vfJPK0/DC67qa//0qvqrJzL1xc8WQWX7/yc7fwudjPHPhA=="],

    "@smithy/middleware-content-length": ["@smithy/middleware-content-length@4.4.10", "", { "dependencies": { "@smithy/core": "^3.29.5", "tslib": "^2.6.2" } }, "sha512-fF04hl+iHSBW1xuXKaKDwp2/OSiClOYHi16+KZxmlTu/DIoy0VyOVaPnJh+ZlKXeYKMz/jR8/eoQ1rDHpft8qA=="],

    "@smithy/middleware-endpoint": ["@smithy/middleware-endpoint@4.6.10", "", { "dependencies": { "@smithy/core": "^3.29.5", "tslib": "^2.6.2" } }, "sha512-AxGe7eMGOwmANI/K6O6a95hTInLocQslDVwCiidV7tat0JDcbpRr0c33VwieO8P3mlh7mqiNhBlyG7VlzZxZIg=="],

    "@smithy/middleware-retry": ["@smithy/middleware-retry@4.7.10", "", { "dependencies": { "@smithy/core": "^3.29.5", "tslib": "^2.6.2" } }, "sha512-JY4Oi57f0uVIncDmNnUEGNkyoJZ7bw9rVZPIrgRyEPdDhcCDvhYYomY/FTQBS4JnrJx168c739NLoJzsygGdxA=="],

    "@smithy/middleware-serde": ["@smithy/middleware-serde@4.4.10", "", { "dependencies": { "@smithy/core": "^3.29.5", "tslib": "^2.6.2" } }, "sha512-x1LF7xwoZfvnU1G6wYV9Zm788t13CTvx+QPtdBMxNOBnAc1xArpO4ekr0lPEs7nKbvYgCecLwBZa3hjwMHWwtA=="],

    "@smithy/middleware-stack": ["@smithy/middleware-stack@4.4.10", "", { "dependencies": { "@smithy/core": "^3.29.5", "tslib": "^2.6.2" } }, "sha512-Uw0gfjz9HgGaaL6+AIMMfs0put11pnuRJltHNU6TU73BfR3Cowms14WM4ovSDxkpJrgNlSQb1XKJVVNUtHhIkQ=="],

    "@smithy/node-config-provider": ["@smithy/node-config-provider@4.5.10", "", { "dependencies": { "@smithy/core": "^3.29.5", "tslib": "^2.6.2" } }, "sha512-8J0iQAEQ+WKwUh8NuR7SEr3wdSbXSvTQ2PLMcgWmL8TGqHsy0glEnaZvbuYCQr4RkZjxJ3mfSI2BsbPrxcsRIA=="],

    "@smithy/node-http-handler": ["@smithy/node-http-handler@4.9.7", "", { "dependencies": { "@smithy/core": "^3.29.5", "@smithy/types": "^4.16.1", "tslib": "^2.6.2" } }, "sha512-wCU8HCLjAtAVqxxe0j2xff9LcEPw3yjBbg5IdQDIYFnxnPxbxcSLc7rgex7kqm9L/WYOnJEgaWQlfDkZleozMA=="],

    "@smithy/protocol-http": ["@smithy/protocol-http@5.5.10", "", { "dependencies": { "@smithy/core": "^3.29.5", "tslib": "^2.6.2" } }, "sha512-0AnsOUvCHQBOXnBJbrX9QGidpvbb3F4aIUFlWPXCfRYxYCcoxj9Uq+b8j75wIZRIwhwiKDWJDZmoHjjQ82GYZA=="],

    "@smithy/signature-v4": ["@smithy/signature-v4@5.6.6", "", { "dependencies": { "@smithy/core": "^3.29.5", "@smithy/types": "^4.16.1", "tslib": "^2.6.2" } }, "sha512-efP6DN3UTFrzIsGO42/xcabv8jU7+9nwEdphFUH7yL0k010ERyAWaO41KFQIDLcFZLZ8xzIQr4wplFxNzslSGQ=="],

    "@smithy/smithy-client": ["@smithy/smithy-client@4.14.10", "", { "dependencies": { "@smithy/core": "^3.29.5", "@smithy/types": "^4.16.1", "tslib": "^2.6.2" } }, "sha512-afUBB2TJBFTlC3axCVDoVStuwkIzMlAAMY/9/pNyE3uspyTxJRczEb/5YiXuE2V1CfX4uGEQPpwZ8mtTzyq5yA=="],

    "@smithy/types": ["@smithy/types@4.16.1", "", { "dependencies": { "tslib": "^2.6.2" } }, "sha512-0JFs3V2y2M9tKW5na/qxe69Zv+uxLMO7QBbhxF/FHu/Gp2NFZAAL9tWl9PU02xxo07pb3G9FTyjNc6D5uZrJIg=="],

    "@smithy/url-parser": ["@smithy/url-parser@4.4.10", "", { "dependencies": { "@smithy/core": "^3.29.5", "tslib": "^2.6.2" } }, "sha512-f1bDXQ9mDozbWok054W8GKwuk7qI33E3S6RvbHtplaBc3BVzxh94zndEqDqTxdxlqKRplsmhuNO0hOhU4AQQ2A=="],

    "@smithy/util-base64": ["@smithy/util-base64@4.5.10", "", { "dependencies": { "@smithy/core": "^3.29.5", "tslib": "^2.6.2" } }, "sha512-piUTpCteEPeqiIw5nU/8phVUSpjXRU6M5rEF3XUyUJtqP5LUkvVf9zpWCbYqv7kj3SzBW36sKW2c0CiOs2fA/A=="],

    "@smithy/util-body-length-browser": ["@smithy/util-body-length-browser@4.4.10", "", { "dependencies": { "@smithy/core": "^3.29.5", "tslib": "^2.6.2" } }, "sha512-/TTYEuHmnPHDHociNoSsz9EeoeS91oYwuBIHYcCqwGGOW6B+T0Xll03S0Q8UepI40FuSf3mMrkre7npFCHhttg=="],

    "@smithy/util-body-length-node": ["@smithy/util-body-length-node@4.4.10", "", { "dependencies": { "@smithy/core": "^3.29.5", "tslib": "^2.6.2" } }, "sha512-8HYVvYG32E2wLq4MTlgRlcghZxcj6BvBXkSMqULEJQFLnQeiHptQ2xUYH98KJwaC7CBPrZawQwUfcmEicJs4AQ=="],

    "@smithy/util-buffer-from": ["@smithy/util-buffer-from@2.2.0", "", { "dependencies": { "@smithy/is-array-buffer": "^2.2.0", "tslib": "^2.6.2" } }, "sha512-IJdWBbTcMQ6DA0gdNhh/BwrLkDR+ADW5Kr1aZmd4k3DIF6ezMV4R2NIAmT08wQJ3yUK82thHWmC/TnK/wpMMIA=="],

    "@smithy/util-defaults-mode-browser": ["@smithy/util-defaults-mode-browser@4.5.10", "", { "dependencies": { "@smithy/core": "^3.29.5", "tslib": "^2.6.2" } }, "sha512-bQGtrcVQHfJJQ1bhdZ4I1Q8GwJRw0WqPIcRocvwQ/ukfaCEw22acQhCxEj7UiNYwD7ij5mOXFp8e+FdbVDd6Yw=="],

    "@smithy/util-defaults-mode-node": ["@smithy/util-defaults-mode-node@4.4.10", "", { "dependencies": { "@smithy/core": "^3.29.5", "tslib": "^2.6.2" } }, "sha512-kwmn00irjhU1hRMYJiPHN3EgXiJbuSh5p6cCHSds3T+8YsMUisWuiVp7zlwe68UsJPFeBKPDGDJ+MM8Kr43Ltw=="],

    "@smithy/util-endpoints": ["@smithy/util-endpoints@3.6.10", "", { "dependencies": { "@smithy/core": "^3.29.5", "tslib": "^2.6.2" } }, "sha512-MqqMomCIaSpYm/FDOfhRMt+3IRI+18YSB9ukoIEocXr0MFBUzkKnrsMp6NnBB2zvDfpJtbA/AWGwqOT9lM9sFQ=="],

    "@smithy/util-middleware": ["@smithy/util-middleware@4.4.10", "", { "dependencies": { "@smithy/core": "^3.29.5", "tslib": "^2.6.2" } }, "sha512-jFkCTa/hzSc+rDc3yzHkv6OI/rLjAy88rcgZ0lP8NdkZhgR9N3TiDj6lW1hAYt42bwx8HpwPJCQegj3I2YGRfg=="],

    "@smithy/util-retry": ["@smithy/util-retry@4.5.10", "", { "dependencies": { "@smithy/core": "^3.29.5", "tslib": "^2.6.2" } }, "sha512-hYu5ieq8myuO29xCQV0IIhicRm1aO0lcNBeMcF1mVVAVQC0oylPGKFliMq5NbxtdOvRxJWCMuir2gwKI91f1lw=="],

    "@smithy/util-utf8": ["@smithy/util-utf8@4.4.10", "", { "dependencies": { "@smithy/core": "^3.29.5", "tslib": "^2.6.2" } }, "sha512-4pWFv2sxrykZqaTixXhkgAsG6+k/VxgAiyZ6M0iLEmsOqcJaR0eidlTCmuKKtMJMIEw8lYwDTvEyR4NyC+V0cw=="],

    "@types/bun": ["@types/bun@1.3.14", "https://registry.npmmirror.com/@types/bun/-/bun-1.3.14.tgz", { "dependencies": { "bun-types": "1.3.14" } }, "sha512-h1hFqFVcvAvD9j9K7ZW7vd82aSA+rTdznZa+5bwvCwqSB1jmmfLcbIWhOLx1/+boy/xmjgCs/OMUL8hRJSmnPw=="],

    "@types/node": ["@types/node@20.19.43", "https://registry.npmmirror.com/@types/node/-/node-20.19.43.tgz", { "dependencies": { "undici-types": "~6.21.0" } }, "sha512-6oYBAi5ikg4Pl+kGsoYtawUMBT2zZMCvPNF7pVLnHZfd1zf38DRiWn/gT01RYCdUqkv7Fhr+C9ot4/tb+2sVvA=="],

    "agent-base": ["agent-base@9.0.0", "https://registry.npmmirror.com/agent-base/-/agent-base-9.0.0.tgz", {}, "sha512-TQf59BsZnytt8GdJKLPfUZ54g/iaUL2OWDSFCCvMOhsHduDQxO8xC4PNeyIkVcA5KwL2phPSv0douC0fgWzmnA=="],

    "bowser": ["bowser@2.14.1", "https://registry.npmmirror.com/bowser/-/bowser-2.14.1.tgz", {}, "sha512-tzPjzCxygAKWFOJP011oxFHs57HzIhOEracIgAePE4pqB3LikALKnSzUyU4MGs9/iCEUuHlAJTjTc5M+u7YEGg=="],

    "bun-types": ["bun-types@1.3.14", "https://registry.npmmirror.com/bun-types/-/bun-types-1.3.14.tgz", { "dependencies": { "@types/node": "*" } }, "sha512-4N0ig0fEomHt5R0KCFWjovxow98rIoRwKolrYdCcknNwMekCXRnWEUvgu5soYV8QXtVsrUD8B95MBOZGPvr6KQ=="],

    "debug": ["debug@4.4.3", "https://registry.npmmirror.com/debug/-/debug-4.4.3.tgz", { "dependencies": { "ms": "^2.1.3" } }, "sha512-RGwwWnwQvkVfavKVt22FGLw+xYSdzARwm0ru6DhTVA3umU5hZc28V3kO4stgYryrTlLpuvgI9GiijltAjNbcqA=="],

    "https-proxy-agent": ["https-proxy-agent@9.1.0", "https://registry.npmmirror.com/https-proxy-agent/-/https-proxy-agent-9.1.0.tgz", { "dependencies": { "agent-base": "9.0.0", "debug": "^4.3.4", "proxy-agent-negotiate": "1.1.0" } }, "sha512-ag87y7cJJ9/3+GxFr8Oy4O5faDsGRGnBGsJj/YjOSsSx/5eadKLYTMPlzuR6obgoCDDm0abAAZitXXQkMOPSpA=="],

    "ms": ["ms@2.1.3", "https://registry.npmmirror.com/ms/-/ms-2.1.3.tgz", {}, "sha512-6FlzubTLZG3J2a/NVCAleEhjzq5oxgHyaCU9yYXvcLsvoVaHJq/s5xXI6/XXP6tz7R9xAOtHnSO/tXtF3WRTlA=="],

    "proxy-agent-negotiate": ["proxy-agent-negotiate@1.1.0", "https://registry.npmmirror.com/proxy-agent-negotiate/-/proxy-agent-negotiate-1.1.0.tgz", { "peerDependencies": { "kerberos": "^2.0.0" }, "optionalPeers": ["kerberos"] }, "sha512-N8IBcM3UgCVzz2L2Lqv8DVntDnnC8/hiV4nEDUPkqq72TPUgYWjQc+bdZlBPZK9LzPAvOY//gAt0S0DApoOXWQ=="],

    "tslib": ["tslib@2.8.1", "https://registry.npmmirror.com/tslib/-/tslib-2.8.1.tgz", {}, "sha512-oJFu94HQb+KVduSUQL7wnpmqnfmLsOA/nAh6b6EH0wCEoK0/mPeXU6c3wKDV83MkOuHPRHtSXKKU99IBazS/2w=="],

    "typescript": ["typescript@5.9.3", "https://registry.npmmirror.com/typescript/-/typescript-5.9.3.tgz", { "bin": { "tsc": "bin/tsc", "tsserver": "bin/tsserver" } }, "sha512-jl1vZzPDinLr9eUt3J/t7V6FgNEw9QjvBPdysz9KfQDD41fQrC2Y4vKQdiaUpFT4bXlb1RHhLpp8wtm6M5TgSw=="],

    "undici-types": ["undici-types@6.21.0", "https://registry.npmmirror.com/undici-types/-/undici-types-6.21.0.tgz", {}, "sha512-iwDZqg0QAGrg9Rav5H4n0M64c3mkR59cJ6wQp+7C4nI0gsmExaedaYLNO44eT4AtBBwjbTiGPMlt2Md0T9H9JQ=="],

    "zod": ["zod@3.25.76", "https://registry.npmmirror.com/zod/-/zod-3.25.76.tgz", {}, "sha512-gzUt/qt81nXsFGKIFcC3YnfEAx5NkunCfnDlvuBSSFS02bcXu4Lmea0AFIUwbLWxWPx3d9p8S5QoaujKcNQxcQ=="],

    "@aws-crypto/sha256-browser/@smithy/util-utf8": ["@smithy/util-utf8@2.3.0", "", { "dependencies": { "@smithy/util-buffer-from": "^2.2.0", "tslib": "^2.6.2" } }, "sha512-R8Rdn8Hy72KKcebgLiv8jQcQkXoLMOGGv5uI1/k0l+snqkOzQ1R0ChUBCxWMlBsFMekWjq0wRudIweFs7sKT5A=="],

    "@aws-crypto/util/@smithy/util-utf8": ["@smithy/util-utf8@2.3.0", "", { "dependencies": { "@smithy/util-buffer-from": "^2.2.0", "tslib": "^2.6.2" } }, "sha512-R8Rdn8Hy72KKcebgLiv8jQcQkXoLMOGGv5uI1/k0l+snqkOzQ1R0ChUBCxWMlBsFMekWjq0wRudIweFs7sKT5A=="],
  }
}
